
Microsoft Visual Studio Solution File, Format Version 12.00
# Visual Studio Version 17
VisualStudioVersion = 17.9.34728.123
MinimumVisualStudioVersion = 10.0.40219.1
Project("{FAE04EC0-301F-11D3-BF4B-00C04F79EFBC}") = "TheUnlimited(Backend)", "TheUnlimited(Backend)\TheUnlimited(Backend).csproj", "{1273A902-6198-48EE-BC7C-7FC2E2525799}"
EndProject
Global
	GlobalSection(SolutionConfigurationPlatforms) = preSolution
		Debug|Any CPU = Debug|Any CPU
		Release|Any CPU = Release|Any CPU
	EndGlobalSection
	GlobalSection(ProjectConfigurationPlatforms) = postSolution
		{1273A902-6198-48EE-BC7C-7FC2E2525799}.Debug|Any CPU.ActiveCfg = Debug|Any CPU
		{1273A902-6198-48EE-BC7C-7FC2E2525799}.Debug|Any CPU.Build.0 = Debug|Any CPU
		{1273A902-6198-48EE-BC7C-7FC2E2525799}.Release|Any CPU.ActiveCfg = Release|Any CPU
		{1273A902-6198-48EE-BC7C-7FC2E2525799}.Release|Any CPU.Build.0 = Release|Any CPU
	EndGlobalSection
	GlobalSection(SolutionProperties) = preSolution
		HideSolutionNode = FALSE
	EndGlobalSection
	GlobalSection(ExtensibilityGlobals) = postSolution
		SolutionGuid = {11B9B836-C632-4A41-B406-E9E628D2AFC1}
	EndGlobalSection
EndGlobal
